
Microsoft Visual Studio Solution File, Format Version 12.00
# Visual Studio Version 16
VisualStudioVersion = 16.0.32413.511
MinimumVisualStudioVersion = 10.0.40219.1
Project("{8BC9CEB8-8B4A-11D0-8D11-00A0C91BC942}") = "Lab_4.2", "Lab_4.2\Lab_4.2.vcxproj", "{2B79B993-CA68-4A08-8D3D-84FC274118EE}"
EndProject
Project("{8BC9CEB8-8B4A-11D0-8D11-00A0C91BC942}") = "UnitTest_4.2", "UnitTest_4.2\UnitTest_4.2.vcxproj", "{2A5B69D9-C755-4B40-80F4-4D1D7E4FDD12}"
EndProject
Global
	GlobalSection(SolutionConfigurationPlatforms) = preSolution
		Debug|x64 = Debug|x64
		Debug|x86 = Debug|x86
		Release|x64 = Release|x64
		Release|x86 = Release|x86
	EndGlobalSection
	GlobalSection(ProjectConfigurationPlatforms) = postSolution
		{2B79B993-CA68-4A08-8D3D-84FC274118EE}.Debug|x64.ActiveCfg = Debug|x64
		{2B79B993-CA68-4A08-8D3D-84FC274118EE}.Debug|x64.Build.0 = Debug|x64
		{2B79B993-CA68-4A08-8D3D-84FC274118EE}.Debug|x86.ActiveCfg = Debug|Win32
		{2B79B993-CA68-4A08-8D3D-84FC274118EE}.Debug|x86.Build.0 = Debug|Win32
		{2B79B993-CA68-4A08-8D3D-84FC274118EE}.Release|x64.ActiveCfg = Release|x64
		{2B79B993-CA68-4A08-8D3D-84FC274118EE}.Release|x64.Build.0 = Release|x64
		{2B79B993-CA68-4A08-8D3D-84FC274118EE}.Release|x86.ActiveCfg = Release|Win32
		{2B79B993-CA68-4A08-8D3D-84FC274118EE}.Release|x86.Build.0 = Release|Win32
		{2A5B69D9-C755-4B40-80F4-4D1D7E4FDD12}.Debug|x64.ActiveCfg = Debug|x64
		{2A5B69D9-C755-4B40-80F4-4D1D7E4FDD12}.Debug|x64.Build.0 = Debug|x64
		{2A5B69D9-C755-4B40-80F4-4D1D7E4FDD12}.Debug|x86.ActiveCfg = Debug|Win32
		{2A5B69D9-C755-4B40-80F4-4D1D7E4FDD12}.Debug|x86.Build.0 = Debug|Win32
		{2A5B69D9-C755-4B40-80F4-4D1D7E4FDD12}.Release|x64.ActiveCfg = Release|x64
		{2A5B69D9-C755-4B40-80F4-4D1D7E4FDD12}.Release|x64.Build.0 = Release|x64
		{2A5B69D9-C755-4B40-80F4-4D1D7E4FDD12}.Release|x86.ActiveCfg = Release|Win32
		{2A5B69D9-C755-4B40-80F4-4D1D7E4FDD12}.Release|x86.Build.0 = Release|Win32
	EndGlobalSection
	GlobalSection(SolutionProperties) = preSolution
		HideSolutionNode = FALSE
	EndGlobalSection
	GlobalSection(ExtensibilityGlobals) = postSolution
		SolutionGuid = {84E6EAD2-F881-485E-AC5C-9524B180CE0E}
	EndGlobalSection
EndGlobal
